
Microsoft Visual Studio Solution File, Format Version 12.00
# Visual Studio Version 16
VisualStudioVersion = 16.0.30503.244
MinimumVisualStudioVersion = 10.0.40219.1
Project("{FAE04EC0-301F-11D3-BF4B-00C04F79EFBC}") = "NumerosEnUnaSolaVaribale", "NumerosEnUnaSolaVaribale\NumerosEnUnaSolaVaribale.csproj", "{22107895-0411-44ED-AF2F-7E419B07829D}"
EndProject
Global
	GlobalSection(SolutionConfigurationPlatforms) = preSolution
		Debug|Any CPU = Debug|Any CPU
		Release|Any CPU = Release|Any CPU
	EndGlobalSection
	GlobalSection(ProjectConfigurationPlatforms) = postSolution
		{22107895-0411-44ED-AF2F-7E419B07829D}.Debug|Any CPU.ActiveCfg = Debug|Any CPU
		{22107895-0411-44ED-AF2F-7E419B07829D}.Debug|Any CPU.Build.0 = Debug|Any CPU
		{22107895-0411-44ED-AF2F-7E419B07829D}.Release|Any CPU.ActiveCfg = Release|Any CPU
		{22107895-0411-44ED-AF2F-7E419B07829D}.Release|Any CPU.Build.0 = Release|Any CPU
	EndGlobalSection
	GlobalSection(SolutionProperties) = preSolution
		HideSolutionNode = FALSE
	EndGlobalSection
	GlobalSection(ExtensibilityGlobals) = postSolution
		SolutionGuid = {583A9FEE-8CB7-4CFC-941B-A334DC2CB044}
	EndGlobalSection
EndGlobal
